
Microsoft Visual Studio Solution File, Format Version 12.00
# Visual Studio Version 17
VisualStudioVersion = 17.1.32210.238
MinimumVisualStudioVersion = 10.0.40219.1
Project("{FAE04EC0-301F-11D3-BF4B-00C04F79EFBC}") = "Uppgift2.4", "Uppgift2.4\Uppgift2.4.csproj", "{C13977C1-B84E-4DFF-AEDD-F66BAD7612EE}"
EndProject
Global
	GlobalSection(SolutionConfigurationPlatforms) = preSolution
		Debug|Any CPU = Debug|Any CPU
		Release|Any CPU = Release|Any CPU
	EndGlobalSection
	GlobalSection(ProjectConfigurationPlatforms) = postSolution
		{C13977C1-B84E-4DFF-AEDD-F66BAD7612EE}.Debug|Any CPU.ActiveCfg = Debug|Any CPU
		{C13977C1-B84E-4DFF-AEDD-F66BAD7612EE}.Debug|Any CPU.Build.0 = Debug|Any CPU
		{C13977C1-B84E-4DFF-AEDD-F66BAD7612EE}.Release|Any CPU.ActiveCfg = Release|Any CPU
		{C13977C1-B84E-4DFF-AEDD-F66BAD7612EE}.Release|Any CPU.Build.0 = Release|Any CPU
	EndGlobalSection
	GlobalSection(SolutionProperties) = preSolution
		HideSolutionNode = FALSE
	EndGlobalSection
	GlobalSection(ExtensibilityGlobals) = postSolution
		SolutionGuid = {1B685D85-7109-4BE7-9D77-E8E5706E060E}
	EndGlobalSection
EndGlobal
